
Microsoft Visual Studio Solution File, Format Version 12.00
# Visual Studio Version 17
VisualStudioVersion = 17.2.32602.215
MinimumVisualStudioVersion = 10.0.40219.1
Project("{FAE04EC0-301F-11D3-BF4B-00C04F79EFBC}") = "AppmanBackUpPlus", "AppmanBackUpPlus\AppmanBackUpPlus.csproj", "{D2949CD0-3611-4634-B569-167E50975FED}"
EndProject
Global
	GlobalSection(SolutionConfigurationPlatforms) = preSolution
		Debug|Any CPU = Debug|Any CPU
		Release|Any CPU = Release|Any CPU
	EndGlobalSection
	GlobalSection(ProjectConfigurationPlatforms) = postSolution
		{D2949CD0-3611-4634-B569-167E50975FED}.Debug|Any CPU.ActiveCfg = Debug|Any CPU
		{D2949CD0-3611-4634-B569-167E50975FED}.Debug|Any CPU.Build.0 = Debug|Any CPU
		{D2949CD0-3611-4634-B569-167E50975FED}.Release|Any CPU.ActiveCfg = Release|Any CPU
		{D2949CD0-3611-4634-B569-167E50975FED}.Release|Any CPU.Build.0 = Release|Any CPU
	EndGlobalSection
	GlobalSection(SolutionProperties) = preSolution
		HideSolutionNode = FALSE
	EndGlobalSection
	GlobalSection(ExtensibilityGlobals) = postSolution
		SolutionGuid = {BBED8FD8-3618-45EE-8612-47F05152945C}
	EndGlobalSection
EndGlobal
